{
  "name": "aws-env-variables",
  "version": "1.0.0",
  "lockfileVersion": 1,
  "requires": true,
  "dependencies": {
    "aws-code-deploy": {
      "version": "1.0.10",
      "resolved": "https://registry.npmjs.org/aws-code-deploy/-/aws-code-deploy-1.0.10.tgz",
      "integrity": "sha512-rvWPvNkaE9nNkB0QGqlaVu/g7Z2gHPcYU/E931dZhQ+3a3xXkTWK9CLzwkENqH3pTr/uhF9c4irk3JIfCQFLhA==",
      "dev": true
    }
  }
}
